dependencies:
  OmegaUtilityDriver:
    component_hash: 0f44dcf0808b80eafb740a55c8884ef096d3099e02523ec9e563c92191d5edf6
    dependencies:
    - name: idf
      version: '>=4.1.0'
    source:
      git: https://github.com/Omegaki113r/OmegaUtilityDriver.git
      path: .
      type: git
    version: e630077c1bdf32d4358f2501090c77e62e8798f0
  idf:
    source:
      type: idf
    version: 5.4.0
direct_dependencies:
- OmegaUtilityDriver
- idf
manifest_hash: 9b412e769d477805fb9a10f7a813f080a6974f9ceecd1cd2c1191d0134bbcca7
target: esp32s3
version: 2.0.0
